// !$*UTF8*$!
{
	archiveVersion = 1;
	classes = {
	};
	objectVersion = 52;
	objects = {

/* Begin PBXBuildFile section */
		1455700A03E308E6A6B0D449 /* UserViewModel.swift in Sources */ = {isa = PBXBuildFile; fileRef = 14557C24C3A35DBD6576B4DC /* UserViewModel.swift */; };
		1455724C04B1D1F03667075A /* .swiftlint.yml in Resources */ = {isa = PBXBuildFile; fileRef = 145579C7555D95F11FA45597 /* .swiftlint.yml */; };
		145572A5F17BD56A598BCA79 /* .gitignore in Resources */ = {isa = PBXBuildFile; fileRef = 145570C76CB53F2BA74CB619 /* .gitignore */; };
		145573723A340257ABED663A /* CommonService.swift in Sources */ = {isa = PBXBuildFile; fileRef = 1455780274A20F03BAFBBE67 /* CommonService.swift */; };
		145573D037E28040A7F699C9 /* .swiftformat in Resources */ = {isa = PBXBuildFile; fileRef = 14557B7977A91188089F0B90 /* .swiftformat */; };
		145574D384A69111A46628D1 /* UserListViewModel.swift in Sources */ = {isa = PBXBuildFile; fileRef = 145571E0A1FB1C99753AD688 /* UserListViewModel.swift */; };
		145578226348316B8CE0BBB7 /* .swiftlint.yml in Resources */ = {isa = PBXBuildFile; fileRef = 145579C7555D95F11FA45597 /* .swiftlint.yml */; };
		14557B03E3C91D07D33B5896 /* UserField.swift in Sources */ = {isa = PBXBuildFile; fileRef = 145570293E9F452CBFE26934 /* UserField.swift */; };
		14557CD7DEECA763930BADF0 /* .gitignore in Resources */ = {isa = PBXBuildFile; fileRef = 145570C76CB53F2BA74CB619 /* .gitignore */; };
		14557D16884D812CD53B5853 /* .editorconfig in Resources */ = {isa = PBXBuildFile; fileRef = 14557464630DBED529D39677 /* .editorconfig */; };
		14557D7A242BA4E28C7C5BA8 /* .swiftformat in Resources */ = {isa = PBXBuildFile; fileRef = 14557B7977A91188089F0B90 /* .swiftformat */; };
		14557E4C2186299156B3F57F /* .editorconfig in Resources */ = {isa = PBXBuildFile; fileRef = 14557464630DBED529D39677 /* .editorconfig */; };
		14557F862A7A8156FE0711FB /* User.swift in Sources */ = {isa = PBXBuildFile; fileRef = 145571DAF18006196A7DC5A5 /* User.swift */; };
		14557FE740E62BF39693390A /* UserScreen.swift in Sources */ = {isa = PBXBuildFile; fileRef = 14557F79508C4D69DA9C7499 /* UserScreen.swift */; };
		2A41E090258DFFC300B132D4 /* Util in Frameworks */ = {isa = PBXBuildFile; productRef = 2ACE67592584B08C00208ED1 /* Util */; };
		2A41E091258DFFC300B132D4 /* Network in Frameworks */ = {isa = PBXBuildFile; productRef = 2ACE675B2584B08C00208ED1 /* Network */; };
		2A41E092258DFFC300B132D4 /* Swinject in Frameworks */ = {isa = PBXBuildFile; productRef = 2AA211FB258AA12D00552537 /* Swinject */; };
		2A41E098258E000700B132D4 /* Cuckoo in Frameworks */ = {isa = PBXBuildFile; productRef = 2A41E097258E000700B132D4 /* Cuckoo */; };
		2A5DACD825896AA3002A629A /* Response.swift in Sources */ = {isa = PBXBuildFile; fileRef = 2A5DACD725896AA3002A629A /* Response.swift */; };
		2A5DACE525896AF2002A629A /* NetworkState.swift in Sources */ = {isa = PBXBuildFile; fileRef = 2A5DACE425896AF2002A629A /* NetworkState.swift */; };
		2A5DACF125896B1B002A629A /* HomeMenuRow.swift in Sources */ = {isa = PBXBuildFile; fileRef = 2A5DACEC25896B1B002A629A /* HomeMenuRow.swift */; };
		2A5DACF225896B1B002A629A /* HomeScreen.swift in Sources */ = {isa = PBXBuildFile; fileRef = 2A5DACED25896B1B002A629A /* HomeScreen.swift */; };
		2A5DACF325896B1B002A629A /* UserListRow.swift in Sources */ = {isa = PBXBuildFile; fileRef = 2A5DACEF25896B1B002A629A /* UserListRow.swift */; };
		2A5DACF425896B1B002A629A /* UserListScreen.swift in Sources */ = {isa = PBXBuildFile; fileRef = 2A5DACF025896B1B002A629A /* UserListScreen.swift */; };
		2A7ABF93258BD740002DFD99 /* Dependencies.swift in Sources */ = {isa = PBXBuildFile; fileRef = 2A7ABF92258BD740002DFD99 /* Dependencies.swift */; };
		2A7ABF94258BD740002DFD99 /* Dependencies.swift in Sources */ = {isa = PBXBuildFile; fileRef = 2A7ABF92258BD740002DFD99 /* Dependencies.swift */; };
		2AB2E671258E894E00551592 /* View in Frameworks */ = {isa = PBXBuildFile; productRef = 2AB2E670258E894E00551592 /* View */; };
		2ACEC0882584090100F21713 /* MainApp.swift in Sources */ = {isa = PBXBuildFile; fileRef = 2ACEC075258408FF00F21713 /* MainApp.swift */; };
		2ACEC0892584090100F21713 /* MainApp.swift in Sources */ = {isa = PBXBuildFile; fileRef = 2ACEC075258408FF00F21713 /* MainApp.swift */; };
		2ACEC08C2584090100F21713 /* Assets.xcassets in Resources */ = {isa = PBXBuildFile; fileRef = 2ACEC0772584090100F21713 /* Assets.xcassets */; };
		2ACEC08D2584090100F21713 /* Assets.xcassets in Resources */ = {isa = PBXBuildFile; fileRef = 2ACEC0772584090100F21713 /* Assets.xcassets */; };
		2AE109FE258D0C290088FF11 /* PlaceholderTests.swift in Sources */ = {isa = PBXBuildFile; fileRef = 2AE109FD258D0C290088FF11 /* PlaceholderTests.swift */; };
/* End PBXBuildFile section */

/* Begin PBXContainerItemProxy section */
		2AE10A00258D0C290088FF11 /* PBXContainerItemProxy */ = {
			isa = PBXContainerItemProxy;
			containerPortal = 2ACEC070258408FF00F21713 /* Project object */;
			proxyType = 1;
			remoteGlobalIDString = 2ACEC07B2584090100F21713;
			remoteInfo = "ios-common (iOS)";
		};
/* End PBXContainerItemProxy section */

/* Begin PBXFileReference section */
		145570293E9F452CBFE26934 /* UserField.swift */ = {isa = PBXFileReference; fileEncoding = 4; lastKnownFileType = sourcecode.swift; path = UserField.swift; sourceTree = "<group>"; };
		145570C76CB53F2BA74CB619 /* .gitignore */ = {isa = PBXFileReference; lastKnownFileType = file.gitignore; path = .gitignore; sourceTree = "<group>"; };
		145571DAF18006196A7DC5A5 /* User.swift */ = {isa = PBXFileReference; fileEncoding = 4; lastKnownFileType = sourcecode.swift; path = User.swift; sourceTree = "<group>"; };
		145571E0A1FB1C99753AD688 /* UserListViewModel.swift */ = {isa = PBXFileReference; fileEncoding = 4; lastKnownFileType = sourcecode.swift; path = UserListViewModel.swift; sourceTree = "<group>"; };
		14557464630DBED529D39677 /* .editorconfig */ = {isa = PBXFileReference; lastKnownFileType = file.editorconfig; path = .editorconfig; sourceTree = "<group>"; };
		1455780274A20F03BAFBBE67 /* CommonService.swift */ = {isa = PBXFileReference; fileEncoding = 4; lastKnownFileType = sourcecode.swift; path = CommonService.swift; sourceTree = "<group>"; };
		145579C7555D95F11FA45597 /* .swiftlint.yml */ = {isa = PBXFileReference; fileEncoding = 4; lastKnownFileType = text.yaml; path = .swiftlint.yml; sourceTree = "<group>"; };
		14557B7977A91188089F0B90 /* .swiftformat */ = {isa = PBXFileReference; lastKnownFileType = file.swiftformat; path = .swiftformat; sourceTree = "<group>"; };
		14557C24C3A35DBD6576B4DC /* UserViewModel.swift */ = {isa = PBXFileReference; fileEncoding = 4; lastKnownFileType = sourcecode.swift; path = UserViewModel.swift; sourceTree = "<group>"; };
		14557F79508C4D69DA9C7499 /* UserScreen.swift */ = {isa = PBXFileReference; fileEncoding = 4; lastKnownFileType = sourcecode.swift; path = UserScreen.swift; sourceTree = "<group>"; };
		2A5DACD725896AA3002A629A /* Response.swift */ = {isa = PBXFileReference; fileEncoding = 4; lastKnownFileType = sourcecode.swift; path = Response.swift; sourceTree = "<group>"; };
		2A5DACE425896AF2002A629A /* NetworkState.swift */ = {isa = PBXFileReference; fileEncoding = 4; lastKnownFileType = sourcecode.swift; path = NetworkState.swift; sourceTree = "<group>"; };
		2A5DACEC25896B1B002A629A /* HomeMenuRow.swift */ = {isa = PBXFileReference; fileEncoding = 4; lastKnownFileType = sourcecode.swift; path = HomeMenuRow.swift; sourceTree = "<group>"; };
		2A5DACED25896B1B002A629A /* HomeScreen.swift */ = {isa = PBXFileReference; fileEncoding = 4; lastKnownFileType = sourcecode.swift; path = HomeScreen.swift; sourceTree = "<group>"; };
		2A5DACEF25896B1B002A629A /* UserListRow.swift */ = {isa = PBXFileReference; fileEncoding = 4; lastKnownFileType = sourcecode.swift; path = UserListRow.swift; sourceTree = "<group>"; };
		2A5DACF025896B1B002A629A /* UserListScreen.swift */ = {isa = PBXFileReference; fileEncoding = 4; lastKnownFileType = sourcecode.swift; path = UserListScreen.swift; sourceTree = "<group>"; };
		2A7ABF92258BD740002DFD99 /* Dependencies.swift */ = {isa = PBXFileReference; lastKnownFileType = sourcecode.swift; path = Dependencies.swift; sourceTree = "<group>"; };
		2ACEC075258408FF00F21713 /* MainApp.swift */ = {isa = PBXFileReference; lastKnownFileType = sourcecode.swift; path = MainApp.swift; sourceTree = "<group>"; };
		2ACEC0772584090100F21713 /* Assets.xcassets */ = {isa = PBXFileReference; lastKnownFileType = folder.assetcatalog; path = Assets.xcassets; sourceTree = "<group>"; };
		2ACEC07C2584090100F21713 /* ios-common.app */ = {isa = PBXFileReference; explicitFileType = wrapper.application; includeInIndex = 0; path = "ios-common.app"; sourceTree = BUILT_PRODUCTS_DIR; };
		2ACEC07F2584090100F21713 /* Info.plist */ = {isa = PBXFileReference; lastKnownFileType = text.plist.xml; path = Info.plist; sourceTree = "<group>"; };
		2ACEC0842584090100F21713 /* ios-common.app */ = {isa = PBXFileReference; explicitFileType = wrapper.application; includeInIndex = 0; path = "ios-common.app"; sourceTree = BUILT_PRODUCTS_DIR; };
		2ACEC0862584090100F21713 /* Info.plist */ = {isa = PBXFileReference; lastKnownFileType = text.plist.xml; path = Info.plist; sourceTree = "<group>"; };
		2ACEC0872584090100F21713 /* macOS.entitlements */ = {isa = PBXFileReference; lastKnownFileType = text.plist.entitlements; path = macOS.entitlements; sourceTree = "<group>"; };
		2AE109FB258D0C290088FF11 /* ios-commonTests.xctest */ = {isa = PBXFileReference; explicitFileType = wrapper.cfbundle; includeInIndex = 0; path = "ios-commonTests.xctest"; sourceTree = BUILT_PRODUCTS_DIR; };
		2AE109FD258D0C290088FF11 /* PlaceholderTests.swift */ = {isa = PBXFileReference; lastKnownFileType = sourcecode.swift; path = PlaceholderTests.swift; sourceTree = "<group>"; };
		2AE109FF258D0C290088FF11 /* Info.plist */ = {isa = PBXFileReference; lastKnownFileType = text.plist.xml; path = Info.plist; sourceTree = "<group>"; };
/* End PBXFileReference section */

/* Begin PBXFrameworksBuildPhase section */
		2ACEC0792584090100F21713 /* Frameworks */ = {
			isa = PBXFrameworksBuildPhase;
			buildActionMask = 2147483647;
			files = (
				2A41E090258DFFC300B132D4 /* Util in Frameworks */,
				2A41E091258DFFC300B132D4 /* Network in Frameworks */,
				2A41E092258DFFC300B132D4 /* Swinject in Frameworks */,
				2AB2E671258E894E00551592 /* View in Frameworks */,
			);
			runOnlyForDeploymentPostprocessing = 0;
		};
		2ACEC0812584090100F21713 /* Frameworks */ = {
			isa = PBXFrameworksBuildPhase;
			buildActionMask = 2147483647;
			files = (
			);
			runOnlyForDeploymentPostprocessing = 0;
		};
		2AE109F8258D0C290088FF11 /* Frameworks */ = {
			isa = PBXFrameworksBuildPhase;
			buildActionMask = 2147483647;
			files = (
				2A41E098258E000700B132D4 /* Cuckoo in Frameworks */,
			);
			runOnlyForDeploymentPostprocessing = 0;
		};
/* End PBXFrameworksBuildPhase section */

/* Begin PBXGroup section */
		145571AEB0C91ABCC176C9E6 /* Services */ = {
			isa = PBXGroup;
			children = (
				1455780274A20F03BAFBBE67 /* CommonService.swift */,
			);
			path = Services;
			sourceTree = "<group>";
		};
		145574D29DBC9EC360C7209B /* Models */ = {
			isa = PBXGroup;
			children = (
				2A5DACD725896AA3002A629A /* Response.swift */,
				145571DAF18006196A7DC5A5 /* User.swift */,
			);
			path = Models;
			sourceTree = "<group>";
		};
		145578AF4C0E733D1B98EDAD /* User */ = {
			isa = PBXGroup;
			children = (
				145570293E9F452CBFE26934 /* UserField.swift */,
				14557F79508C4D69DA9C7499 /* UserScreen.swift */,
			);
			path = User;
			sourceTree = "<group>";
		};
		14557AE93566AB88D9EB4F08 /* ViewModels */ = {
			isa = PBXGroup;
			children = (
				145571E0A1FB1C99753AD688 /* UserListViewModel.swift */,
				14557C24C3A35DBD6576B4DC /* UserViewModel.swift */,
			);
			path = ViewModels;
			sourceTree = "<group>";
		};
		2A5DACE325896AF2002A629A /* Constants */ = {
			isa = PBXGroup;
			children = (
				2A5DACE425896AF2002A629A /* NetworkState.swift */,
			);
			path = Constants;
			sourceTree = "<group>";
		};
		2A5DACEA25896B1B002A629A /* Views */ = {
			isa = PBXGroup;
			children = (
				2A5DACEB25896B1B002A629A /* Home */,
				145578AF4C0E733D1B98EDAD /* User */,
				2A5DACEE25896B1B002A629A /* UserList */,
			);
			path = Views;
			sourceTree = "<group>";
		};
		2A5DACEB25896B1B002A629A /* Home */ = {
			isa = PBXGroup;
			children = (
				2A5DACEC25896B1B002A629A /* HomeMenuRow.swift */,
				2A5DACED25896B1B002A629A /* HomeScreen.swift */,
			);
			path = Home;
			sourceTree = "<group>";
		};
		2A5DACEE25896B1B002A629A /* UserList */ = {
			isa = PBXGroup;
			children = (
				2A5DACEF25896B1B002A629A /* UserListRow.swift */,
				2A5DACF025896B1B002A629A /* UserListScreen.swift */,
			);
			path = UserList;
			sourceTree = "<group>";
		};
		2AB2E66F258E894E00551592 /* Frameworks */ = {
			isa = PBXGroup;
			children = (
			);
			name = Frameworks;
			sourceTree = "<group>";
		};
		2ACEC06F258408FF00F21713 = {
			isa = PBXGroup;
			children = (
				2ACEC07E2584090100F21713 /* iOS */,
				2ACEC0852584090100F21713 /* macOS */,
				2ACEC074258408FF00F21713 /* Shared */,
				2ACEC07D2584090100F21713 /* Products */,
				2AE109FC258D0C290088FF11 /* Tests */,
				14557B7977A91188089F0B90 /* .swiftformat */,
				145579C7555D95F11FA45597 /* .swiftlint.yml */,
				145570C76CB53F2BA74CB619 /* .gitignore */,
				14557464630DBED529D39677 /* .editorconfig */,
				2AB2E66F258E894E00551592 /* Frameworks */,
			);
			sourceTree = "<group>";
		};
		2ACEC074258408FF00F21713 /* Shared */ = {
			isa = PBXGroup;
			children = (
				2A7ABF92258BD740002DFD99 /* Dependencies.swift */,
				2ACEC075258408FF00F21713 /* MainApp.swift */,
				2ACEC0772584090100F21713 /* Assets.xcassets */,
			);
			path = Shared;
			sourceTree = "<group>";
		};
		2ACEC07D2584090100F21713 /* Products */ = {
			isa = PBXGroup;
			children = (
				2ACEC07C2584090100F21713 /* ios-common.app */,
				2ACEC0842584090100F21713 /* ios-common.app */,
				2AE109FB258D0C290088FF11 /* ios-commonTests.xctest */,
			);
			name = Products;
			sourceTree = "<group>";
		};
		2ACEC07E2584090100F21713 /* iOS */ = {
			isa = PBXGroup;
			children = (
				2A5DACE325896AF2002A629A /* Constants */,
				145574D29DBC9EC360C7209B /* Models */,
				145571AEB0C91ABCC176C9E6 /* Services */,
				14557AE93566AB88D9EB4F08 /* ViewModels */,
				2A5DACEA25896B1B002A629A /* Views */,
				2ACEC07F2584090100F21713 /* Info.plist */,
			);
			path = iOS;
			sourceTree = "<group>";
		};
		2ACEC0852584090100F21713 /* macOS */ = {
			isa = PBXGroup;
			children = (
				2ACEC0862584090100F21713 /* Info.plist */,
				2ACEC0872584090100F21713 /* macOS.entitlements */,
			);
			path = macOS;
			sourceTree = "<group>";
		};
		2AE109FC258D0C290088FF11 /* Tests */ = {
			isa = PBXGroup;
			children = (
				2AE109FD258D0C290088FF11 /* PlaceholderTests.swift */,
				2AE109FF258D0C290088FF11 /* Info.plist */,
			);
			path = Tests;
			sourceTree = "<group>";
		};
/* End PBXGroup section */

/* Begin PBXNativeTarget section */
		2ACEC07B2584090100F21713 /* ios-common (iOS) */ = {
			isa = PBXNativeTarget;
			buildConfigurationList = 2ACEC0902584090100F21713 /* Build configuration list for PBXNativeTarget "ios-common (iOS)" */;
			buildPhases = (
				2ACEC0782584090100F21713 /* Sources */,
				2ACEC0792584090100F21713 /* Frameworks */,
				2ACEC07A2584090100F21713 /* Resources */,
			);
			buildRules = (
			);
			dependencies = (
			);
			name = "ios-common (iOS)";
			packageProductDependencies = (
				2ACE67592584B08C00208ED1 /* Util */,
				2ACE675B2584B08C00208ED1 /* Network */,
				2AA211FB258AA12D00552537 /* Swinject */,
				2AB2E670258E894E00551592 /* View */,
			);
			productName = "iOS Common (iOS)";
			productReference = 2ACEC07C2584090100F21713 /* ios-common.app */;
			productType = "com.apple.product-type.application";
		};
		2ACEC0832584090100F21713 /* ios-common (macOS) */ = {
			isa = PBXNativeTarget;
			buildConfigurationList = 2ACEC0932584090100F21713 /* Build configuration list for PBXNativeTarget "ios-common (macOS)" */;
			buildPhases = (
				2ACEC0802584090100F21713 /* Sources */,
				2ACEC0812584090100F21713 /* Frameworks */,
				2ACEC0822584090100F21713 /* Resources */,
			);
			buildRules = (
			);
			dependencies = (
			);
			name = "ios-common (macOS)";
			productName = "iOS Common (macOS)";
			productReference = 2ACEC0842584090100F21713 /* ios-common.app */;
			productType = "com.apple.product-type.application";
		};
		2AE109FA258D0C290088FF11 /* ios-commonTests */ = {
			isa = PBXNativeTarget;
			buildConfigurationList = 2AE10A04258D0C290088FF11 /* Build configuration list for PBXNativeTarget "ios-commonTests" */;
			buildPhases = (
				2AE109F7258D0C290088FF11 /* Sources */,
				2AE109F8258D0C290088FF11 /* Frameworks */,
				2AE109F9258D0C290088FF11 /* Resources */,
			);
			buildRules = (
			);
			dependencies = (
				2AE10A01258D0C290088FF11 /* PBXTargetDependency */,
			);
			name = "ios-commonTests";
			packageProductDependencies = (
				2A41E097258E000700B132D4 /* Cuckoo */,
			);
			productName = "ios-commonTests";
			productReference = 2AE109FB258D0C290088FF11 /* ios-commonTests.xctest */;
			productType = "com.apple.product-type.bundle.unit-test";
		};
/* End PBXNativeTarget section */

/* Begin PBXProject section */
		2ACEC070258408FF00F21713 /* Project object */ = {
			isa = PBXProject;
			attributes = {
				LastSwiftUpdateCheck = 1230;
				LastUpgradeCheck = 1220;
				TargetAttributes = {
					2ACEC07B2584090100F21713 = {
						CreatedOnToolsVersion = 12.2;
					};
					2ACEC0832584090100F21713 = {
						CreatedOnToolsVersion = 12.2;
					};
					2AE109FA258D0C290088FF11 = {
						CreatedOnToolsVersion = 12.3;
						TestTargetID = 2ACEC07B2584090100F21713;
					};
				};
			};
			buildConfigurationList = 2ACEC073258408FF00F21713 /* Build configuration list for PBXProject "ios-common" */;
			compatibilityVersion = "Xcode 9.3";
			developmentRegion = en;
			hasScannedForEncodings = 0;
			knownRegions = (
				en,
				Base,
			);
			mainGroup = 2ACEC06F258408FF00F21713;
			packageReferences = (
				2ACE67582584B08C00208ED1 /* XCRemoteSwiftPackageReference "swiss-army-knife" */,
				2AA211FA258AA12D00552537 /* XCRemoteSwiftPackageReference "Swinject" */,
				2A41E096258E000700B132D4 /* XCRemoteSwiftPackageReference "Cuckoo" */,
			);
			productRefGroup = 2ACEC07D2584090100F21713 /* Products */;
			projectDirPath = "";
			projectRoot = "";
			targets = (
				2ACEC07B2584090100F21713 /* ios-common (iOS) */,
				2ACEC0832584090100F21713 /* ios-common (macOS) */,
				2AE109FA258D0C290088FF11 /* ios-commonTests */,
			);
		};
/* End PBXProject section */

/* Begin PBXResourcesBuildPhase section */
		2ACEC07A2584090100F21713 /* Resources */ = {
			isa = PBXResourcesBuildPhase;
			buildActionMask = 2147483647;
			files = (
				2ACEC08C2584090100F21713 /* Assets.xcassets in Resources */,
				14557D7A242BA4E28C7C5BA8 /* .swiftformat in Resources */,
				145578226348316B8CE0BBB7 /* .swiftlint.yml in Resources */,
				14557CD7DEECA763930BADF0 /* .gitignore in Resources */,
				14557D16884D812CD53B5853 /* .editorconfig in Resources */,
			);
			runOnlyForDeploymentPostprocessing = 0;
		};
		2ACEC0822584090100F21713 /* Resources */ = {
			isa = PBXResourcesBuildPhase;
			buildActionMask = 2147483647;
			files = (
				2ACEC08D2584090100F21713 /* Assets.xcassets in Resources */,
				145573D037E28040A7F699C9 /* .swiftformat in Resources */,
				1455724C04B1D1F03667075A /* .swiftlint.yml in Resources */,
				145572A5F17BD56A598BCA79 /* .gitignore in Resources */,
				14557E4C2186299156B3F57F /* .editorconfig in Resources */,
			);
			runOnlyForDeploymentPostprocessing = 0;
		};
		2AE109F9258D0C290088FF11 /* Resources */ = {
			isa = PBXResourcesBuildPhase;
			buildActionMask = 2147483647;
			files = (
			);
			runOnlyForDeploymentPostprocessing = 0;
		};
/* End PBXResourcesBuildPhase section */

/* Begin PBXSourcesBuildPhase section */
		2ACEC0782584090100F21713 /* Sources */ = {
			isa = PBXSourcesBuildPhase;
			buildActionMask = 2147483647;
			files = (
				2A7ABF93258BD740002DFD99 /* Dependencies.swift in Sources */,
				2A5DACE525896AF2002A629A /* NetworkState.swift in Sources */,
				2ACEC0882584090100F21713 /* MainApp.swift in Sources */,
				2A5DACF425896B1B002A629A /* UserListScreen.swift in Sources */,
				145573723A340257ABED663A /* CommonService.swift in Sources */,
				14557F862A7A8156FE0711FB /* User.swift in Sources */,
				2A5DACF225896B1B002A629A /* HomeScreen.swift in Sources */,
				2A5DACF125896B1B002A629A /* HomeMenuRow.swift in Sources */,
				2A5DACF325896B1B002A629A /* UserListRow.swift in Sources */,
				145574D384A69111A46628D1 /* UserListViewModel.swift in Sources */,
				2A5DACD825896AA3002A629A /* Response.swift in Sources */,
				14557FE740E62BF39693390A /* UserScreen.swift in Sources */,
				1455700A03E308E6A6B0D449 /* UserViewModel.swift in Sources */,
				14557B03E3C91D07D33B5896 /* UserField.swift in Sources */,
			);
			runOnlyForDeploymentPostprocessing = 0;
		};
		2ACEC0802584090100F21713 /* Sources */ = {
			isa = PBXSourcesBuildPhase;
			buildActionMask = 2147483647;
			files = (
				2A7ABF94258BD740002DFD99 /* Dependencies.swift in Sources */,
				2ACEC0892584090100F21713 /* MainApp.swift in Sources */,
			);
			runOnlyForDeploymentPostprocessing = 0;
		};
		2AE109F7258D0C290088FF11 /* Sources */ = {
			isa = PBXSourcesBuildPhase;
			buildActionMask = 2147483647;
			files = (
				2AE109FE258D0C290088FF11 /* PlaceholderTests.swift in Sources */,
			);
			runOnlyForDeploymentPostprocessing = 0;
		};
/* End PBXSourcesBuildPhase section */

/* Begin PBXTargetDependency section */
		2AE10A01258D0C290088FF11 /* PBXTargetDependency */ = {
			isa = PBXTargetDependency;
			target = 2ACEC07B2584090100F21713 /* ios-common (iOS) */;
			targetProxy = 2AE10A00258D0C290088FF11 /* PBXContainerItemProxy */;
		};
/* End PBXTargetDependency section */

/* Begin XCBuildConfiguration section */
		2ACEC08E2584090100F21713 /* Debug */ = {
			isa = XCBuildConfiguration;
			buildSettings = {
				ALWAYS_SEARCH_USER_PATHS = NO;
				CLANG_ANALYZER_NONNULL = YES;
				CLANG_ANALYZER_NUMBER_OBJECT_CONVERSION = YES_AGGRESSIVE;
				CLANG_CXX_LANGUAGE_STANDARD = "gnu++14";
				CLANG_CXX_LIBRARY = "libc++";
				CLANG_ENABLE_MODULES = YES;
				CLANG_ENABLE_OBJC_ARC = YES;
				CLANG_ENABLE_OBJC_WEAK = YES;
				CLANG_WARN_BLOCK_CAPTURE_AUTORELEASING = YES;
				CLANG_WARN_BOOL_CONVERSION = YES;
				CLANG_WARN_COMMA = YES;
				CLANG_WARN_CONSTANT_CONVERSION = YES;
				CLANG_WARN_DEPRECATED_OBJC_IMPLEMENTATIONS = YES;
				CLANG_WARN_DIRECT_OBJC_ISA_USAGE = YES_ERROR;
				CLANG_WARN_DOCUMENTATION_COMMENTS = YES;
				CLANG_WARN_EMPTY_BODY = YES;
				CLANG_WARN_ENUM_CONVERSION = YES;
				CLANG_WARN_INFINITE_RECURSION = YES;
				CLANG_WARN_INT_CONVERSION = YES;
				CLANG_WARN_NON_LITERAL_NULL_CONVERSION = YES;
				CLANG_WARN_OBJC_IMPLICIT_RETAIN_SELF = YES;
				CLANG_WARN_OBJC_LITERAL_CONVERSION = YES;
				CLANG_WARN_OBJC_ROOT_CLASS = YES_ERROR;
				CLANG_WARN_QUOTED_INCLUDE_IN_FRAMEWORK_HEADER = YES;
				CLANG_WARN_RANGE_LOOP_ANALYSIS = YES;
				CLANG_WARN_STRICT_PROTOTYPES = YES;
				CLANG_WARN_SUSPICIOUS_MOVE = YES;
				CLANG_WARN_UNGUARDED_AVAILABILITY = YES_AGGRESSIVE;
				CLANG_WARN_UNREACHABLE_CODE = YES;
				CLANG_WARN__DUPLICATE_METHOD_MATCH = YES;
				COPY_PHASE_STRIP = NO;
				DEBUG_INFORMATION_FORMAT = dwarf;
				ENABLE_STRICT_OBJC_MSGSEND = YES;
				ENABLE_TESTABILITY = YES;
				GCC_C_LANGUAGE_STANDARD = gnu11;
				GCC_DYNAMIC_NO_PIC = NO;
				GCC_NO_COMMON_BLOCKS = YES;
				GCC_OPTIMIZATION_LEVEL = 0;
				GCC_PREPROCESSOR_DEFINITIONS = (
					"DEBUG=1",
					"$(inherited)",
				);
				GCC_WARN_64_TO_32_BIT_CONVERSION = YES;
				GCC_WARN_ABOUT_RETURN_TYPE = YES_ERROR;
				GCC_WARN_UNDECLARED_SELECTOR = YES;
				GCC_WARN_UNINITIALIZED_AUTOS = YES_AGGRESSIVE;
				GCC_WARN_UNUSED_FUNCTION = YES;
				GCC_WARN_UNUSED_VARIABLE = YES;
				MTL_ENABLE_DEBUG_INFO = INCLUDE_SOURCE;
				MTL_FAST_MATH = YES;
				ONLY_ACTIVE_ARCH = YES;
				SWIFT_ACTIVE_COMPILATION_CONDITIONS = DEBUG;
				SWIFT_OPTIMIZATION_LEVEL = "-Onone";
			};
			name = Debug;
		};
		2ACEC08F2584090100F21713 /* Release */ = {
			isa = XCBuildConfiguration;
			buildSettings = {
				ALWAYS_SEARCH_USER_PATHS = NO;
				CLANG_ANALYZER_NONNULL = YES;
				CLANG_ANALYZER_NUMBER_OBJECT_CONVERSION = YES_AGGRESSIVE;
				CLANG_CXX_LANGUAGE_STANDARD = "gnu++14";
				CLANG_CXX_LIBRARY = "libc++";
				CLANG_ENABLE_MODULES = YES;
				CLANG_ENABLE_OBJC_ARC = YES;
				CLANG_ENABLE_OBJC_WEAK = YES;
				CLANG_WARN_BLOCK_CAPTURE_AUTORELEASING = YES;
				CLANG_WARN_BOOL_CONVERSION = YES;
				CLANG_WARN_COMMA = YES;
				CLANG_WARN_CONSTANT_CONVERSION = YES;
				CLANG_WARN_DEPRECATED_OBJC_IMPLEMENTATIONS = YES;
				CLANG_WARN_DIRECT_OBJC_ISA_USAGE = YES_ERROR;
				CLANG_WARN_DOCUMENTATION_COMMENTS = YES;
				CLANG_WARN_EMPTY_BODY = YES;
				CLANG_WARN_ENUM_CONVERSION = YES;
				CLANG_WARN_INFINITE_RECURSION = YES;
				CLANG_WARN_INT_CONVERSION = YES;
				CLANG_WARN_NON_LITERAL_NULL_CONVERSION = YES;
				CLANG_WARN_OBJC_IMPLICIT_RETAIN_SELF = YES;
				CLANG_WARN_OBJC_LITERAL_CONVERSION = YES;
				CLANG_WARN_OBJC_ROOT_CLASS = YES_ERROR;
				CLANG_WARN_QUOTED_INCLUDE_IN_FRAMEWORK_HEADER = YES;
				CLANG_WARN_RANGE_LOOP_ANALYSIS = YES;
				CLANG_WARN_STRICT_PROTOTYPES = YES;
				CLANG_WARN_SUSPICIOUS_MOVE = YES;
				CLANG_WARN_UNGUARDED_AVAILABILITY = YES_AGGRESSIVE;
				CLANG_WARN_UNREACHABLE_CODE = YES;
				CLANG_WARN__DUPLICATE_METHOD_MATCH = YES;
				COPY_PHASE_STRIP = NO;
				DEBUG_INFORMATION_FORMAT = "dwarf-with-dsym";
				ENABLE_NS_ASSERTIONS = NO;
				ENABLE_STRICT_OBJC_MSGSEND = YES;
				GCC_C_LANGUAGE_STANDARD = gnu11;
				GCC_NO_COMMON_BLOCKS = YES;
				GCC_WARN_64_TO_32_BIT_CONVERSION = YES;
				GCC_WARN_ABOUT_RETURN_TYPE = YES_ERROR;
				GCC_WARN_UNDECLARED_SELECTOR = YES;
				GCC_WARN_UNINITIALIZED_AUTOS = YES_AGGRESSIVE;
				GCC_WARN_UNUSED_FUNCTION = YES;
				GCC_WARN_UNUSED_VARIABLE = YES;
				MTL_ENABLE_DEBUG_INFO = NO;
				MTL_FAST_MATH = YES;
				SWIFT_COMPILATION_MODE = wholemodule;
				SWIFT_OPTIMIZATION_LEVEL = "-O";
			};
			name = Release;
		};
		2ACEC0912584090100F21713 /* Debug */ = {
			isa = XCBuildConfiguration;
			buildSettings = {
				ASSETCATALOG_COMPILER_APPICON_NAME = AppIcon;
				ASSETCATALOG_COMPILER_GLOBAL_ACCENT_COLOR_NAME = AccentColor;
				CODE_SIGN_STYLE = Manual;
				DEVELOPMENT_TEAM = "";
				ENABLE_PREVIEWS = YES;
				INFOPLIST_FILE = iOS/Info.plist;
				IPHONEOS_DEPLOYMENT_TARGET = 14.0;
				LD_RUNPATH_SEARCH_PATHS = (
					"$(inherited)",
					"@executable_path/Frameworks",
				);
				PRODUCT_BUNDLE_IDENTIFIER = "io.vinicius.ios-common";
				PRODUCT_NAME = "ios-common";
				PROVISIONING_PROFILE_SPECIFIER = "";
				SDKROOT = iphoneos;
				SWIFT_VERSION = 5.0;
				TARGETED_DEVICE_FAMILY = "1,2";
			};
			name = Debug;
		};
		2ACEC0922584090100F21713 /* Release */ = {
			isa = XCBuildConfiguration;
			buildSettings = {
				ASSETCATALOG_COMPILER_APPICON_NAME = AppIcon;
				ASSETCATALOG_COMPILER_GLOBAL_ACCENT_COLOR_NAME = AccentColor;
				CODE_SIGN_STYLE = Manual;
				DEVELOPMENT_TEAM = "";
				ENABLE_PREVIEWS = YES;
				INFOPLIST_FILE = iOS/Info.plist;
				IPHONEOS_DEPLOYMENT_TARGET = 14.0;
				LD_RUNPATH_SEARCH_PATHS = (
					"$(inherited)",
					"@executable_path/Frameworks",
				);
				PRODUCT_BUNDLE_IDENTIFIER = "io.vinicius.ios-common";
				PRODUCT_NAME = "ios-common";
				PROVISIONING_PROFILE_SPECIFIER = "";
				SDKROOT = iphoneos;
				SWIFT_VERSION = 5.0;
				TARGETED_DEVICE_FAMILY = "1,2";
				VALIDATE_PRODUCT = YES;
			};
			name = Release;
		};
		2ACEC0942584090100F21713 /* Debug */ = {
			isa = XCBuildConfiguration;
			buildSettings = {
				ASSETCATALOG_COMPILER_APPICON_NAME = AppIcon;
				ASSETCATALOG_COMPILER_GLOBAL_ACCENT_COLOR_NAME = AccentColor;
				CODE_SIGN_ENTITLEMENTS = macOS/macOS.entitlements;
				CODE_SIGN_STYLE = Automatic;
				COMBINE_HIDPI_IMAGES = YES;
				ENABLE_PREVIEWS = YES;
				INFOPLIST_FILE = macOS/Info.plist;
				LD_RUNPATH_SEARCH_PATHS = (
					"$(inherited)",
					"@executable_path/../Frameworks",
				);
				MACOSX_DEPLOYMENT_TARGET = 11.0;
				PRODUCT_BUNDLE_IDENTIFIER = "io.vinicius.iOS-Common";
				PRODUCT_NAME = "ios-common";
				SDKROOT = macosx;
				SWIFT_VERSION = 5.0;
			};
			name = Debug;
		};
		2ACEC0952584090100F21713 /* Release */ = {
			isa = XCBuildConfiguration;
			buildSettings = {
				ASSETCATALOG_COMPILER_APPICON_NAME = AppIcon;
				ASSETCATALOG_COMPILER_GLOBAL_ACCENT_COLOR_NAME = AccentColor;
				CODE_SIGN_ENTITLEMENTS = macOS/macOS.entitlements;
				CODE_SIGN_STYLE = Automatic;
				COMBINE_HIDPI_IMAGES = YES;
				ENABLE_PREVIEWS = YES;
				INFOPLIST_FILE = macOS/Info.plist;
				LD_RUNPATH_SEARCH_PATHS = (
					"$(inherited)",
					"@executable_path/../Frameworks",
				);
				MACOSX_DEPLOYMENT_TARGET = 11.0;
				PRODUCT_BUNDLE_IDENTIFIER = "io.vinicius.iOS-Common";
				PRODUCT_NAME = "ios-common";
				SDKROOT = macosx;
				SWIFT_VERSION = 5.0;
			};
			name = Release;
		};
		2AE10A02258D0C290088FF11 /* Debug */ = {
			isa = XCBuildConfiguration;
			buildSettings = {
				BUNDLE_LOADER = "$(TEST_HOST)";
				CODE_SIGN_STYLE = Automatic;
				INFOPLIST_FILE = Tests/Info.plist;
				IPHONEOS_DEPLOYMENT_TARGET = 14.3;
				LD_RUNPATH_SEARCH_PATHS = (
					"$(inherited)",
					"@executable_path/Frameworks",
					"@loader_path/Frameworks",
				);
				PRODUCT_BUNDLE_IDENTIFIER = "io.vinicius.ios-commonTests";
				PRODUCT_NAME = "$(TARGET_NAME)";
				SDKROOT = iphoneos;
				SWIFT_VERSION = 5.0;
				TARGETED_DEVICE_FAMILY = "1,2";
				TEST_HOST = "$(BUILT_PRODUCTS_DIR)/ios-common.app/ios-common";
			};
			name = Debug;
		};
		2AE10A03258D0C290088FF11 /* Release */ = {
			isa = XCBuildConfiguration;
			buildSettings = {
				BUNDLE_LOADER = "$(TEST_HOST)";
				CODE_SIGN_STYLE = Automatic;
				INFOPLIST_FILE = Tests/Info.plist;
				IPHONEOS_DEPLOYMENT_TARGET = 14.3;
				LD_RUNPATH_SEARCH_PATHS = (
					"$(inherited)",
					"@executable_path/Frameworks",
					"@loader_path/Frameworks",
				);
				PRODUCT_BUNDLE_IDENTIFIER = "io.vinicius.ios-commonTests";
				PRODUCT_NAME = "$(TARGET_NAME)";
				SDKROOT = iphoneos;
				SWIFT_VERSION = 5.0;
				TARGETED_DEVICE_FAMILY = "1,2";
				TEST_HOST = "$(BUILT_PRODUCTS_DIR)/ios-common.app/ios-common";
				VALIDATE_PRODUCT = YES;
			};
			name = Release;
		};
/* End XCBuildConfiguration section */

/* Begin XCConfigurationList section */
		2ACEC073258408FF00F21713 /* Build configuration list for PBXProject "ios-common" */ = {
			isa = XCConfigurationList;
			buildConfigurations = (
				2ACEC08E2584090100F21713 /* Debug */,
				2ACEC08F2584090100F21713 /* Release */,
			);
			defaultConfigurationIsVisible = 0;
			defaultConfigurationName = Release;
		};
		2ACEC0902584090100F21713 /* Build configuration list for PBXNativeTarget "ios-common (iOS)" */ = {
			isa = XCConfigurationList;
			buildConfigurations = (
				2ACEC0912584090100F21713 /* Debug */,
				2ACEC0922584090100F21713 /* Release */,
			);
			defaultConfigurationIsVisible = 0;
			defaultConfigurationName = Release;
		};
		2ACEC0932584090100F21713 /* Build configuration list for PBXNativeTarget "ios-common (macOS)" */ = {
			isa = XCConfigurationList;
			buildConfigurations = (
				2ACEC0942584090100F21713 /* Debug */,
				2ACEC0952584090100F21713 /* Release */,
			);
			defaultConfigurationIsVisible = 0;
			defaultConfigurationName = Release;
		};
		2AE10A04258D0C290088FF11 /* Build configuration list for PBXNativeTarget "ios-commonTests" */ = {
			isa = XCConfigurationList;
			buildConfigurations = (
				2AE10A02258D0C290088FF11 /* Debug */,
				2AE10A03258D0C290088FF11 /* Release */,
			);
			defaultConfigurationIsVisible = 0;
			defaultConfigurationName = Release;
		};
/* End XCConfigurationList section */

/* Begin XCRemoteSwiftPackageReference section */
		2A41E096258E000700B132D4 /* XCRemoteSwiftPackageReference "Cuckoo" */ = {
			isa = XCRemoteSwiftPackageReference;
			repositoryURL = "https://github.com/Brightify/Cuckoo";
			requirement = {
				kind = exactVersion;
				version = 1.4.1;
			};
		};
		2AA211FA258AA12D00552537 /* XCRemoteSwiftPackageReference "Swinject" */ = {
			isa = XCRemoteSwiftPackageReference;
			repositoryURL = "https://github.com/Swinject/Swinject";
			requirement = {
				kind = exactVersion;
				version = 2.7.1;
			};
		};
		2ACE67582584B08C00208ED1 /* XCRemoteSwiftPackageReference "swiss-army-knife" */ = {
			isa = XCRemoteSwiftPackageReference;
			repositoryURL = "https://github.com/vegidio-ios/swiss-army-knife";
			requirement = {
				kind = exactVersion;
				version = 1.2.1;
			};
		};
/* End XCRemoteSwiftPackageReference section */

/* Begin XCSwiftPackageProductDependency section */
		2A41E097258E000700B132D4 /* Cuckoo */ = {
			isa = XCSwiftPackageProductDependency;
			package = 2A41E096258E000700B132D4 /* XCRemoteSwiftPackageReference "Cuckoo" */;
			productName = Cuckoo;
		};
		2AA211FB258AA12D00552537 /* Swinject */ = {
			isa = XCSwiftPackageProductDependency;
			package = 2AA211FA258AA12D00552537 /* XCRemoteSwiftPackageReference "Swinject" */;
			productName = Swinject;
		};
		2AB2E670258E894E00551592 /* View */ = {
			isa = XCSwiftPackageProductDependency;
			package = 2ACE67582584B08C00208ED1 /* XCRemoteSwiftPackageReference "swiss-army-knife" */;
			productName = View;
		};
		2ACE67592584B08C00208ED1 /* Util */ = {
			isa = XCSwiftPackageProductDependency;
			package = 2ACE67582584B08C00208ED1 /* XCRemoteSwiftPackageReference "swiss-army-knife" */;
			productName = Util;
		};
		2ACE675B2584B08C00208ED1 /* Network */ = {
			isa = XCSwiftPackageProductDependency;
			package = 2ACE67582584B08C00208ED1 /* XCRemoteSwiftPackageReference "swiss-army-knife" */;
			productName = Network;
		};
/* End XCSwiftPackageProductDependency section */
	};
	rootObject = 2ACEC070258408FF00F21713 /* Project object */;
}
