// !$*UTF8*$!
{
	archiveVersion = 1;
	classes = {
	};
	objectVersion = 56;
	objects = {

/* Begin PBXBuildFile section */
		780B7A8F2979D3DF008E493C /* User.swift in Sources */ = {isa = PBXBuildFile; fileRef = 780B7A8E2979D3DF008E493C /* User.swift */; };
		780B7A942979D8FF008E493C /* AuthViewModel.swift in Sources */ = {isa = PBXBuildFile; fileRef = 780B7A932979D8FF008E493C /* AuthViewModel.swift */; };
		780B7A962979DBD0008E493C /* CountriesRestService.swift in Sources */ = {isa = PBXBuildFile; fileRef = 780B7A952979DBD0008E493C /* CountriesRestService.swift */; };
		780B7A982979F885008E493C /* AuthScreen.swift in Sources */ = {isa = PBXBuildFile; fileRef = 780B7A972979F885008E493C /* AuthScreen.swift */; };
		780B7A9B297B1EC7008E493C /* Swinject in Frameworks */ = {isa = PBXBuildFile; productRef = 780B7A9A297B1EC7008E493C /* Swinject */; };
		780B7A9F297B251D008E493C /* Container.swift in Sources */ = {isa = PBXBuildFile; fileRef = 780B7A9E297B251D008E493C /* Container.swift */; };
		780B7AA2297D06FE008E493C /* SwinjectAutoregistration in Frameworks */ = {isa = PBXBuildFile; productRef = 780B7AA1297D06FE008E493C /* SwinjectAutoregistration */; };
		7835248B297F1F9C00246EB1 /* NetworkState.swift in Sources */ = {isa = PBXBuildFile; fileRef = 7835248A297F1F9C00246EB1 /* NetworkState.swift */; };
		7835248E297F29C400246EB1 /* DateDecodingStrategy+Ext.swift in Sources */ = {isa = PBXBuildFile; fileRef = 7835248D297F29C400246EB1 /* DateDecodingStrategy+Ext.swift */; };
		783DB631297550E200AC92B2 /* MainApp.swift in Sources */ = {isa = PBXBuildFile; fileRef = 783DB630297550E200AC92B2 /* MainApp.swift */; };
		783DB635297550E200AC92B2 /* Assets.xcassets in Resources */ = {isa = PBXBuildFile; fileRef = 783DB634297550E200AC92B2 /* Assets.xcassets */; };
		783DB638297550E200AC92B2 /* Preview Assets.xcassets in Resources */ = {isa = PBXBuildFile; fileRef = 783DB637297550E200AC92B2 /* Preview Assets.xcassets */; };
		786EEE302980420E009B53C2 /* HomeAuthStatus.swift in Sources */ = {isa = PBXBuildFile; fileRef = 786EEE2F2980420D009B53C2 /* HomeAuthStatus.swift */; };
		786EEE3229805A46009B53C2 /* Router.swift in Sources */ = {isa = PBXBuildFile; fileRef = 786EEE3129805A46009B53C2 /* Router.swift */; };
		7886D64029759EBD00A36158 /* HomeScreen.swift in Sources */ = {isa = PBXBuildFile; fileRef = 7886D63F29759EBD00A36158 /* HomeScreen.swift */; };
		7886D6482975A49800A36158 /* HomeMenuRow.swift in Sources */ = {isa = PBXBuildFile; fileRef = 7886D6472975A49800A36158 /* HomeMenuRow.swift */; };
		7886D64B2975BA6600A36158 /* UserScreen.swift in Sources */ = {isa = PBXBuildFile; fileRef = 7886D64A2975BA6600A36158 /* UserScreen.swift */; };
		7898B0D329866BB900FDF65F /* Token.swift in Sources */ = {isa = PBXBuildFile; fileRef = 7898B0D229866BB900FDF65F /* Token.swift */; };
		7898B0D62986713D00FDF65F /* Response.swift in Sources */ = {isa = PBXBuildFile; fileRef = 7898B0D52986713D00FDF65F /* Response.swift */; };
		7898B0ED2986AA5B00FDF65F /* CountriesService.swift in Sources */ = {isa = PBXBuildFile; fileRef = 7898B0EC2986AA5B00FDF65F /* CountriesService.swift */; };
		7898B0EF2986ACFF00FDF65F /* CountriesGraphqlService.swift in Sources */ = {isa = PBXBuildFile; fileRef = 7898B0EE2986ACFF00FDF65F /* CountriesGraphqlService.swift */; };
		7898B0F12986D94900FDF65F /* UserViewModel.swift in Sources */ = {isa = PBXBuildFile; fileRef = 7898B0F02986D94900FDF65F /* UserViewModel.swift */; };
		7898B0F52988330700FDF65F /* Country.swift in Sources */ = {isa = PBXBuildFile; fileRef = 7898B0F42988330700FDF65F /* Country.swift */; };
		7898B0F82988377200FDF65F /* CountriesScreen.swift in Sources */ = {isa = PBXBuildFile; fileRef = 7898B0F72988377200FDF65F /* CountriesScreen.swift */; };
		7898B0FA2988379B00FDF65F /* CountriesViewModel.swift in Sources */ = {isa = PBXBuildFile; fileRef = 7898B0F92988379B00FDF65F /* CountriesViewModel.swift */; };
		78D74F7829887C8A0017AA93 /* Network in Frameworks */ = {isa = PBXBuildFile; productRef = 78D74F7729887C8A0017AA93 /* Network */; };
		78D74F7A29887C8A0017AA93 /* Util in Frameworks */ = {isa = PBXBuildFile; productRef = 78D74F7929887C8A0017AA93 /* Util */; };
		78D74F7C29887C8A0017AA93 /* View in Frameworks */ = {isa = PBXBuildFile; productRef = 78D74F7B29887C8A0017AA93 /* View */; };
		78D74FF5298B11090017AA93 /* schema.graphqls in Resources */ = {isa = PBXBuildFile; fileRef = 78D74FE3298B11090017AA93 /* schema.graphqls */; };
		78D74FF6298B11090017AA93 /* SignInMutation.graphql.swift in Sources */ = {isa = PBXBuildFile; fileRef = 78D74FE6298B11090017AA93 /* SignInMutation.graphql.swift */; };
		78D74FF7298B11090017AA93 /* MeQuery.graphql.swift in Sources */ = {isa = PBXBuildFile; fileRef = 78D74FE8298B11090017AA93 /* MeQuery.graphql.swift */; };
		78D74FF8298B11090017AA93 /* User.graphql.swift in Sources */ = {isa = PBXBuildFile; fileRef = 78D74FEB298B11090017AA93 /* User.graphql.swift */; };
		78D74FF9298B11090017AA93 /* Mutation.graphql.swift in Sources */ = {isa = PBXBuildFile; fileRef = 78D74FEC298B11090017AA93 /* Mutation.graphql.swift */; };
		78D74FFA298B11090017AA93 /* Query.graphql.swift in Sources */ = {isa = PBXBuildFile; fileRef = 78D74FED298B11090017AA93 /* Query.graphql.swift */; };
		78D74FFB298B11090017AA93 /* TokenResponseDto.graphql.swift in Sources */ = {isa = PBXBuildFile; fileRef = 78D74FEE298B11090017AA93 /* TokenResponseDto.graphql.swift */; };
		78D74FFC298B11090017AA93 /* SchemaConfiguration.swift in Sources */ = {isa = PBXBuildFile; fileRef = 78D74FEF298B11090017AA93 /* SchemaConfiguration.swift */; };
		78D74FFD298B11090017AA93 /* SignInRequestDto.graphql.swift in Sources */ = {isa = PBXBuildFile; fileRef = 78D74FF1298B11090017AA93 /* SignInRequestDto.graphql.swift */; };
		78D74FFE298B11090017AA93 /* SchemaMetadata.graphql.swift in Sources */ = {isa = PBXBuildFile; fileRef = 78D74FF2298B11090017AA93 /* SchemaMetadata.graphql.swift */; };
		78D74FFF298B11090017AA93 /* operations.graphql in Resources */ = {isa = PBXBuildFile; fileRef = 78D74FF3298B11090017AA93 /* operations.graphql */; };
		78D75000298B11090017AA93 /* Countries.graphql.swift in Sources */ = {isa = PBXBuildFile; fileRef = 78D74FF4298B11090017AA93 /* Countries.graphql.swift */; };
/* End PBXBuildFile section */

/* Begin PBXFileReference section */
		780B7A8E2979D3DF008E493C /* User.swift */ = {isa = PBXFileReference; lastKnownFileType = sourcecode.swift; path = User.swift; sourceTree = "<group>"; };
		780B7A932979D8FF008E493C /* AuthViewModel.swift */ = {isa = PBXFileReference; lastKnownFileType = sourcecode.swift; path = AuthViewModel.swift; sourceTree = "<group>"; };
		780B7A952979DBD0008E493C /* CountriesRestService.swift */ = {isa = PBXFileReference; lastKnownFileType = sourcecode.swift; path = CountriesRestService.swift; sourceTree = "<group>"; };
		780B7A972979F885008E493C /* AuthScreen.swift */ = {isa = PBXFileReference; lastKnownFileType = sourcecode.swift; path = AuthScreen.swift; sourceTree = "<group>"; };
		780B7A9E297B251D008E493C /* Container.swift */ = {isa = PBXFileReference; lastKnownFileType = sourcecode.swift; path = Container.swift; sourceTree = "<group>"; };
		7835248A297F1F9C00246EB1 /* NetworkState.swift */ = {isa = PBXFileReference; lastKnownFileType = sourcecode.swift; path = NetworkState.swift; sourceTree = "<group>"; };
		7835248D297F29C400246EB1 /* DateDecodingStrategy+Ext.swift */ = {isa = PBXFileReference; lastKnownFileType = sourcecode.swift; path = "DateDecodingStrategy+Ext.swift"; sourceTree = "<group>"; };
		783DB62D297550E200AC92B2 /* iOS Common.app */ = {isa = PBXFileReference; explicitFileType = wrapper.application; includeInIndex = 0; path = "iOS Common.app"; sourceTree = BUILT_PRODUCTS_DIR; };
		783DB630297550E200AC92B2 /* MainApp.swift */ = {isa = PBXFileReference; lastKnownFileType = sourcecode.swift; path = MainApp.swift; sourceTree = "<group>"; };
		783DB634297550E200AC92B2 /* Assets.xcassets */ = {isa = PBXFileReference; lastKnownFileType = folder.assetcatalog; path = Assets.xcassets; sourceTree = "<group>"; };
		783DB637297550E200AC92B2 /* Preview Assets.xcassets */ = {isa = PBXFileReference; lastKnownFileType = folder.assetcatalog; path = "Preview Assets.xcassets"; sourceTree = "<group>"; };
		786EEE2F2980420D009B53C2 /* HomeAuthStatus.swift */ = {isa = PBXFileReference; lastKnownFileType = sourcecode.swift; path = HomeAuthStatus.swift; sourceTree = "<group>"; };
		786EEE3129805A46009B53C2 /* Router.swift */ = {isa = PBXFileReference; lastKnownFileType = sourcecode.swift; path = Router.swift; sourceTree = "<group>"; };
		7886D63F29759EBD00A36158 /* HomeScreen.swift */ = {isa = PBXFileReference; lastKnownFileType = sourcecode.swift; path = HomeScreen.swift; sourceTree = "<group>"; };
		7886D6472975A49800A36158 /* HomeMenuRow.swift */ = {isa = PBXFileReference; lastKnownFileType = sourcecode.swift; path = HomeMenuRow.swift; sourceTree = "<group>"; };
		7886D64A2975BA6600A36158 /* UserScreen.swift */ = {isa = PBXFileReference; lastKnownFileType = sourcecode.swift; path = UserScreen.swift; sourceTree = "<group>"; };
		7898B0D229866BB900FDF65F /* Token.swift */ = {isa = PBXFileReference; lastKnownFileType = sourcecode.swift; path = Token.swift; sourceTree = "<group>"; };
		7898B0D52986713D00FDF65F /* Response.swift */ = {isa = PBXFileReference; lastKnownFileType = sourcecode.swift; path = Response.swift; sourceTree = "<group>"; };
		7898B0EC2986AA5B00FDF65F /* CountriesService.swift */ = {isa = PBXFileReference; lastKnownFileType = sourcecode.swift; path = CountriesService.swift; sourceTree = "<group>"; };
		7898B0EE2986ACFF00FDF65F /* CountriesGraphqlService.swift */ = {isa = PBXFileReference; lastKnownFileType = sourcecode.swift; path = CountriesGraphqlService.swift; sourceTree = "<group>"; };
		7898B0F02986D94900FDF65F /* UserViewModel.swift */ = {isa = PBXFileReference; lastKnownFileType = sourcecode.swift; path = UserViewModel.swift; sourceTree = "<group>"; };
		7898B0F42988330700FDF65F /* Country.swift */ = {isa = PBXFileReference; lastKnownFileType = sourcecode.swift; path = Country.swift; sourceTree = "<group>"; };
		7898B0F72988377200FDF65F /* CountriesScreen.swift */ = {isa = PBXFileReference; lastKnownFileType = sourcecode.swift; path = CountriesScreen.swift; sourceTree = "<group>"; };
		7898B0F92988379B00FDF65F /* CountriesViewModel.swift */ = {isa = PBXFileReference; lastKnownFileType = sourcecode.swift; path = CountriesViewModel.swift; sourceTree = "<group>"; };
		78D74FE3298B11090017AA93 /* schema.graphqls */ = {isa = PBXFileReference; fileEncoding = 4; lastKnownFileType = text; path = schema.graphqls; sourceTree = "<group>"; };
		78D74FE6298B11090017AA93 /* SignInMutation.graphql.swift */ = {isa = PBXFileReference; fileEncoding = 4; lastKnownFileType = sourcecode.swift; path = SignInMutation.graphql.swift; sourceTree = "<group>"; };
		78D74FE8298B11090017AA93 /* MeQuery.graphql.swift */ = {isa = PBXFileReference; fileEncoding = 4; lastKnownFileType = sourcecode.swift; path = MeQuery.graphql.swift; sourceTree = "<group>"; };
		78D74FEB298B11090017AA93 /* User.graphql.swift */ = {isa = PBXFileReference; fileEncoding = 4; lastKnownFileType = sourcecode.swift; path = User.graphql.swift; sourceTree = "<group>"; };
		78D74FEC298B11090017AA93 /* Mutation.graphql.swift */ = {isa = PBXFileReference; fileEncoding = 4; lastKnownFileType = sourcecode.swift; path = Mutation.graphql.swift; sourceTree = "<group>"; };
		78D74FED298B11090017AA93 /* Query.graphql.swift */ = {isa = PBXFileReference; fileEncoding = 4; lastKnownFileType = sourcecode.swift; path = Query.graphql.swift; sourceTree = "<group>"; };
		78D74FEE298B11090017AA93 /* TokenResponseDto.graphql.swift */ = {isa = PBXFileReference; fileEncoding = 4; lastKnownFileType = sourcecode.swift; path = TokenResponseDto.graphql.swift; sourceTree = "<group>"; };
		78D74FEF298B11090017AA93 /* SchemaConfiguration.swift */ = {isa = PBXFileReference; fileEncoding = 4; lastKnownFileType = sourcecode.swift; path = SchemaConfiguration.swift; sourceTree = "<group>"; };
		78D74FF1298B11090017AA93 /* SignInRequestDto.graphql.swift */ = {isa = PBXFileReference; fileEncoding = 4; lastKnownFileType = sourcecode.swift; path = SignInRequestDto.graphql.swift; sourceTree = "<group>"; };
		78D74FF2298B11090017AA93 /* SchemaMetadata.graphql.swift */ = {isa = PBXFileReference; fileEncoding = 4; lastKnownFileType = sourcecode.swift; path = SchemaMetadata.graphql.swift; sourceTree = "<group>"; };
		78D74FF3298B11090017AA93 /* operations.graphql */ = {isa = PBXFileReference; fileEncoding = 4; lastKnownFileType = text; path = operations.graphql; sourceTree = "<group>"; };
		78D74FF4298B11090017AA93 /* Countries.graphql.swift */ = {isa = PBXFileReference; fileEncoding = 4; lastKnownFileType = sourcecode.swift; path = Countries.graphql.swift; sourceTree = "<group>"; };
/* End PBXFileReference section */

/* Begin PBXFrameworksBuildPhase section */
		783DB62A297550E200AC92B2 /* Frameworks */ = {
			isa = PBXFrameworksBuildPhase;
			buildActionMask = 2147483647;
			files = (
				78D74F7829887C8A0017AA93 /* Network in Frameworks */,
				780B7A9B297B1EC7008E493C /* Swinject in Frameworks */,
				780B7AA2297D06FE008E493C /* SwinjectAutoregistration in Frameworks */,
				78D74F7A29887C8A0017AA93 /* Util in Frameworks */,
				78D74F7C29887C8A0017AA93 /* View in Frameworks */,
			);
			runOnlyForDeploymentPostprocessing = 0;
		};
/* End PBXFrameworksBuildPhase section */

/* Begin PBXGroup section */
		780B7A922979D8ED008E493C /* Auth */ = {
			isa = PBXGroup;
			children = (
				780B7A972979F885008E493C /* AuthScreen.swift */,
				780B7A932979D8FF008E493C /* AuthViewModel.swift */,
			);
			path = Auth;
			sourceTree = "<group>";
		};
		7835248C297F277900246EB1 /* Models */ = {
			isa = PBXGroup;
			children = (
				7898B0F42988330700FDF65F /* Country.swift */,
				7898B0D52986713D00FDF65F /* Response.swift */,
				7898B0D229866BB900FDF65F /* Token.swift */,
				780B7A8E2979D3DF008E493C /* User.swift */,
			);
			path = Models;
			sourceTree = "<group>";
		};
		783DB624297550E200AC92B2 = {
			isa = PBXGroup;
			children = (
				783DB62F297550E200AC92B2 /* Source */,
				783DB62E297550E200AC92B2 /* Products */,
			);
			sourceTree = "<group>";
		};
		783DB62E297550E200AC92B2 /* Products */ = {
			isa = PBXGroup;
			children = (
				783DB62D297550E200AC92B2 /* iOS Common.app */,
			);
			name = Products;
			sourceTree = "<group>";
		};
		783DB62F297550E200AC92B2 /* Source */ = {
			isa = PBXGroup;
			children = (
				7886D6412975A0EA00A36158 /* Extensions */,
				7835248C297F277900246EB1 /* Models */,
				7898B0D429866C5100FDF65F /* Services */,
				78D74FE2298B11090017AA93 /* GraphQL */,
				7886D63D29759E8F00A36158 /* Screens */,
				7886D6442975A16E00A36158 /* Shared */,
				780B7A9E297B251D008E493C /* Container.swift */,
				783DB630297550E200AC92B2 /* MainApp.swift */,
				783DB634297550E200AC92B2 /* Assets.xcassets */,
				783DB636297550E200AC92B2 /* Preview Content */,
			);
			path = Source;
			sourceTree = "<group>";
		};
		783DB636297550E200AC92B2 /* Preview Content */ = {
			isa = PBXGroup;
			children = (
				783DB637297550E200AC92B2 /* Preview Assets.xcassets */,
			);
			path = "Preview Content";
			sourceTree = "<group>";
		};
		7886D63D29759E8F00A36158 /* Screens */ = {
			isa = PBXGroup;
			children = (
				780B7A922979D8ED008E493C /* Auth */,
				7898B0F62988375800FDF65F /* Countries */,
				7886D63E29759EA400A36158 /* Home */,
				7886D6492975BA4300A36158 /* User */,
			);
			path = Screens;
			sourceTree = "<group>";
		};
		7886D63E29759EA400A36158 /* Home */ = {
			isa = PBXGroup;
			children = (
				7886D63F29759EBD00A36158 /* HomeScreen.swift */,
				786EEE2F2980420D009B53C2 /* HomeAuthStatus.swift */,
				7886D6472975A49800A36158 /* HomeMenuRow.swift */,
			);
			path = Home;
			sourceTree = "<group>";
		};
		7886D6412975A0EA00A36158 /* Extensions */ = {
			isa = PBXGroup;
			children = (
				7835248D297F29C400246EB1 /* DateDecodingStrategy+Ext.swift */,
			);
			path = Extensions;
			sourceTree = "<group>";
		};
		7886D6442975A16E00A36158 /* Shared */ = {
			isa = PBXGroup;
			children = (
				786EEE3129805A46009B53C2 /* Router.swift */,
			);
			path = Shared;
			sourceTree = "<group>";
		};
		7886D6492975BA4300A36158 /* User */ = {
			isa = PBXGroup;
			children = (
				7886D64A2975BA6600A36158 /* UserScreen.swift */,
				7898B0F02986D94900FDF65F /* UserViewModel.swift */,
			);
			path = User;
			sourceTree = "<group>";
		};
		7898B0D429866C5100FDF65F /* Services */ = {
			isa = PBXGroup;
			children = (
				7898B0EC2986AA5B00FDF65F /* CountriesService.swift */,
				780B7A952979DBD0008E493C /* CountriesRestService.swift */,
				7898B0EE2986ACFF00FDF65F /* CountriesGraphqlService.swift */,
				7835248A297F1F9C00246EB1 /* NetworkState.swift */,
			);
			path = Services;
			sourceTree = "<group>";
		};
		7898B0F62988375800FDF65F /* Countries */ = {
			isa = PBXGroup;
			children = (
				7898B0F72988377200FDF65F /* CountriesScreen.swift */,
				7898B0F92988379B00FDF65F /* CountriesViewModel.swift */,
			);
			path = Countries;
			sourceTree = "<group>";
		};
		78D74FE2298B11090017AA93 /* GraphQL */ = {
			isa = PBXGroup;
			children = (
				78D74FE4298B11090017AA93 /* Operations */,
				78D74FE9298B11090017AA93 /* Schema */,
				78D74FF4298B11090017AA93 /* Countries.graphql.swift */,
				78D74FE3298B11090017AA93 /* schema.graphqls */,
				78D74FF3298B11090017AA93 /* operations.graphql */,
			);
			path = GraphQL;
			sourceTree = "<group>";
		};
		78D74FE4298B11090017AA93 /* Operations */ = {
			isa = PBXGroup;
			children = (
				78D74FE5298B11090017AA93 /* Mutations */,
				78D74FE7298B11090017AA93 /* Queries */,
			);
			path = Operations;
			sourceTree = "<group>";
		};
		78D74FE5298B11090017AA93 /* Mutations */ = {
			isa = PBXGroup;
			children = (
				78D74FE6298B11090017AA93 /* SignInMutation.graphql.swift */,
			);
			path = Mutations;
			sourceTree = "<group>";
		};
		78D74FE7298B11090017AA93 /* Queries */ = {
			isa = PBXGroup;
			children = (
				78D74FE8298B11090017AA93 /* MeQuery.graphql.swift */,
			);
			path = Queries;
			sourceTree = "<group>";
		};
		78D74FE9298B11090017AA93 /* Schema */ = {
			isa = PBXGroup;
			children = (
				78D74FEA298B11090017AA93 /* Objects */,
				78D74FEF298B11090017AA93 /* SchemaConfiguration.swift */,
				78D74FF0298B11090017AA93 /* InputObjects */,
				78D74FF2298B11090017AA93 /* SchemaMetadata.graphql.swift */,
			);
			path = Schema;
			sourceTree = "<group>";
		};
		78D74FEA298B11090017AA93 /* Objects */ = {
			isa = PBXGroup;
			children = (
				78D74FEB298B11090017AA93 /* User.graphql.swift */,
				78D74FEC298B11090017AA93 /* Mutation.graphql.swift */,
				78D74FED298B11090017AA93 /* Query.graphql.swift */,
				78D74FEE298B11090017AA93 /* TokenResponseDto.graphql.swift */,
			);
			path = Objects;
			sourceTree = "<group>";
		};
		78D74FF0298B11090017AA93 /* InputObjects */ = {
			isa = PBXGroup;
			children = (
				78D74FF1298B11090017AA93 /* SignInRequestDto.graphql.swift */,
			);
			path = InputObjects;
			sourceTree = "<group>";
		};
/* End PBXGroup section */

/* Begin PBXNativeTarget section */
		783DB62C297550E200AC92B2 /* iOS Common */ = {
			isa = PBXNativeTarget;
			buildConfigurationList = 783DB63B297550E200AC92B2 /* Build configuration list for PBXNativeTarget "iOS Common" */;
			buildPhases = (
				78856FC6297677B40020030E /* SwiftLint */,
				783DB629297550E200AC92B2 /* Sources */,
				783DB62A297550E200AC92B2 /* Frameworks */,
				783DB62B297550E200AC92B2 /* Resources */,
			);
			buildRules = (
			);
			dependencies = (
			);
			name = "iOS Common";
			packageProductDependencies = (
				780B7A9A297B1EC7008E493C /* Swinject */,
				780B7AA1297D06FE008E493C /* SwinjectAutoregistration */,
				78D74F7729887C8A0017AA93 /* Network */,
				78D74F7929887C8A0017AA93 /* Util */,
				78D74F7B29887C8A0017AA93 /* View */,
			);
			productName = "iOS Common";
			productReference = 783DB62D297550E200AC92B2 /* iOS Common.app */;
			productType = "com.apple.product-type.application";
		};
/* End PBXNativeTarget section */

/* Begin PBXProject section */
		783DB625297550E200AC92B2 /* Project object */ = {
			isa = PBXProject;
			attributes = {
				BuildIndependentTargetsInParallel = 1;
				LastSwiftUpdateCheck = 1420;
				LastUpgradeCheck = 1420;
				TargetAttributes = {
					783DB62C297550E200AC92B2 = {
						CreatedOnToolsVersion = 14.2;
					};
				};
			};
			buildConfigurationList = 783DB628297550E200AC92B2 /* Build configuration list for PBXProject "ios-common" */;
			compatibilityVersion = "Xcode 14.0";
			developmentRegion = en;
			hasScannedForEncodings = 0;
			knownRegions = (
				en,
				Base,
			);
			mainGroup = 783DB624297550E200AC92B2;
			packageReferences = (
				780B7A99297B1EC7008E493C /* XCRemoteSwiftPackageReference "Swinject" */,
				780B7AA0297D06FE008E493C /* XCRemoteSwiftPackageReference "SwinjectAutoregistration" */,
				78D74F7629887C8A0017AA93 /* XCRemoteSwiftPackageReference "ios-sak" */,
			);
			productRefGroup = 783DB62E297550E200AC92B2 /* Products */;
			projectDirPath = "";
			projectRoot = "";
			targets = (
				783DB62C297550E200AC92B2 /* iOS Common */,
			);
		};
/* End PBXProject section */

/* Begin PBXResourcesBuildPhase section */
		783DB62B297550E200AC92B2 /* Resources */ = {
			isa = PBXResourcesBuildPhase;
			buildActionMask = 2147483647;
			files = (
				783DB638297550E200AC92B2 /* Preview Assets.xcassets in Resources */,
				78D74FF5298B11090017AA93 /* schema.graphqls in Resources */,
				783DB635297550E200AC92B2 /* Assets.xcassets in Resources */,
				78D74FFF298B11090017AA93 /* operations.graphql in Resources */,
			);
			runOnlyForDeploymentPostprocessing = 0;
		};
/* End PBXResourcesBuildPhase section */

/* Begin PBXShellScriptBuildPhase section */
		78856FC6297677B40020030E /* SwiftLint */ = {
			isa = PBXShellScriptBuildPhase;
			alwaysOutOfDate = 1;
			buildActionMask = 2147483647;
			files = (
			);
			inputFileListPaths = (
			);
			inputPaths = (
			);
			name = SwiftLint;
			outputFileListPaths = (
			);
			outputPaths = (
			);
			runOnlyForDeploymentPostprocessing = 0;
			shellPath = /bin/sh;
			shellScript = "export PATH=\"$PATH:/opt/homebrew/bin\"\nif which swiftlint > /dev/null; then\n  swiftlint\nelse\n  echo \"warning: SwiftLint not installed, download from https://github.com/realm/SwiftLint\"\nfi\n";
		};
/* End PBXShellScriptBuildPhase section */

/* Begin PBXSourcesBuildPhase section */
		783DB629297550E200AC92B2 /* Sources */ = {
			isa = PBXSourcesBuildPhase;
			buildActionMask = 2147483647;
			files = (
				786EEE3229805A46009B53C2 /* Router.swift in Sources */,
				780B7A9F297B251D008E493C /* Container.swift in Sources */,
				780B7A942979D8FF008E493C /* AuthViewModel.swift in Sources */,
				78D74FFA298B11090017AA93 /* Query.graphql.swift in Sources */,
				78D74FF7298B11090017AA93 /* MeQuery.graphql.swift in Sources */,
				7886D6482975A49800A36158 /* HomeMenuRow.swift in Sources */,
				7886D64B2975BA6600A36158 /* UserScreen.swift in Sources */,
				7835248E297F29C400246EB1 /* DateDecodingStrategy+Ext.swift in Sources */,
				780B7A982979F885008E493C /* AuthScreen.swift in Sources */,
				7898B0F82988377200FDF65F /* CountriesScreen.swift in Sources */,
				7898B0F12986D94900FDF65F /* UserViewModel.swift in Sources */,
				7898B0FA2988379B00FDF65F /* CountriesViewModel.swift in Sources */,
				7898B0D329866BB900FDF65F /* Token.swift in Sources */,
				780B7A962979DBD0008E493C /* CountriesRestService.swift in Sources */,
				7835248B297F1F9C00246EB1 /* NetworkState.swift in Sources */,
				78D74FF6298B11090017AA93 /* SignInMutation.graphql.swift in Sources */,
				78D74FF9298B11090017AA93 /* Mutation.graphql.swift in Sources */,
				7898B0D62986713D00FDF65F /* Response.swift in Sources */,
				78D74FFD298B11090017AA93 /* SignInRequestDto.graphql.swift in Sources */,
				780B7A8F2979D3DF008E493C /* User.swift in Sources */,
				78D74FF8298B11090017AA93 /* User.graphql.swift in Sources */,
				7898B0EF2986ACFF00FDF65F /* CountriesGraphqlService.swift in Sources */,
				783DB631297550E200AC92B2 /* MainApp.swift in Sources */,
				78D74FFB298B11090017AA93 /* TokenResponseDto.graphql.swift in Sources */,
				7886D64029759EBD00A36158 /* HomeScreen.swift in Sources */,
				78D75000298B11090017AA93 /* Countries.graphql.swift in Sources */,
				7898B0ED2986AA5B00FDF65F /* CountriesService.swift in Sources */,
				78D74FFC298B11090017AA93 /* SchemaConfiguration.swift in Sources */,
				7898B0F52988330700FDF65F /* Country.swift in Sources */,
				78D74FFE298B11090017AA93 /* SchemaMetadata.graphql.swift in Sources */,
				786EEE302980420E009B53C2 /* HomeAuthStatus.swift in Sources */,
			);
			runOnlyForDeploymentPostprocessing = 0;
		};
/* End PBXSourcesBuildPhase section */

/* Begin XCBuildConfiguration section */
		783DB639297550E200AC92B2 /* Debug */ = {
			isa = XCBuildConfiguration;
			buildSettings = {
				ALWAYS_SEARCH_USER_PATHS = NO;
				CLANG_ANALYZER_NONNULL = YES;
				CLANG_ANALYZER_NUMBER_OBJECT_CONVERSION = YES_AGGRESSIVE;
				CLANG_CXX_LANGUAGE_STANDARD = "gnu++20";
				CLANG_ENABLE_MODULES = YES;
				CLANG_ENABLE_OBJC_ARC = YES;
				CLANG_ENABLE_OBJC_WEAK = YES;
				CLANG_WARN_BLOCK_CAPTURE_AUTORELEASING = YES;
				CLANG_WARN_BOOL_CONVERSION = YES;
				CLANG_WARN_COMMA = YES;
				CLANG_WARN_CONSTANT_CONVERSION = YES;
				CLANG_WARN_DEPRECATED_OBJC_IMPLEMENTATIONS = YES;
				CLANG_WARN_DIRECT_OBJC_ISA_USAGE = YES_ERROR;
				CLANG_WARN_DOCUMENTATION_COMMENTS = YES;
				CLANG_WARN_EMPTY_BODY = YES;
				CLANG_WARN_ENUM_CONVERSION = YES;
				CLANG_WARN_INFINITE_RECURSION = YES;
				CLANG_WARN_INT_CONVERSION = YES;
				CLANG_WARN_NON_LITERAL_NULL_CONVERSION = YES;
				CLANG_WARN_OBJC_IMPLICIT_RETAIN_SELF = YES;
				CLANG_WARN_OBJC_LITERAL_CONVERSION = YES;
				CLANG_WARN_OBJC_ROOT_CLASS = YES_ERROR;
				CLANG_WARN_QUOTED_INCLUDE_IN_FRAMEWORK_HEADER = YES;
				CLANG_WARN_RANGE_LOOP_ANALYSIS = YES;
				CLANG_WARN_STRICT_PROTOTYPES = YES;
				CLANG_WARN_SUSPICIOUS_MOVE = YES;
				CLANG_WARN_UNGUARDED_AVAILABILITY = YES_AGGRESSIVE;
				CLANG_WARN_UNREACHABLE_CODE = YES;
				CLANG_WARN__DUPLICATE_METHOD_MATCH = YES;
				COPY_PHASE_STRIP = NO;
				DEBUG_INFORMATION_FORMAT = dwarf;
				ENABLE_STRICT_OBJC_MSGSEND = YES;
				ENABLE_TESTABILITY = YES;
				GCC_C_LANGUAGE_STANDARD = gnu11;
				GCC_DYNAMIC_NO_PIC = NO;
				GCC_NO_COMMON_BLOCKS = YES;
				GCC_OPTIMIZATION_LEVEL = 0;
				GCC_PREPROCESSOR_DEFINITIONS = (
					"DEBUG=1",
					"$(inherited)",
				);
				GCC_WARN_64_TO_32_BIT_CONVERSION = YES;
				GCC_WARN_ABOUT_RETURN_TYPE = YES_ERROR;
				GCC_WARN_UNDECLARED_SELECTOR = YES;
				GCC_WARN_UNINITIALIZED_AUTOS = YES_AGGRESSIVE;
				GCC_WARN_UNUSED_FUNCTION = YES;
				GCC_WARN_UNUSED_VARIABLE = YES;
				IPHONEOS_DEPLOYMENT_TARGET = 16.2;
				MTL_ENABLE_DEBUG_INFO = INCLUDE_SOURCE;
				MTL_FAST_MATH = YES;
				ONLY_ACTIVE_ARCH = YES;
				SDKROOT = iphoneos;
				SWIFT_ACTIVE_COMPILATION_CONDITIONS = DEBUG;
				SWIFT_OPTIMIZATION_LEVEL = "-Onone";
			};
			name = Debug;
		};
		783DB63A297550E200AC92B2 /* Release */ = {
			isa = XCBuildConfiguration;
			buildSettings = {
				ALWAYS_SEARCH_USER_PATHS = NO;
				CLANG_ANALYZER_NONNULL = YES;
				CLANG_ANALYZER_NUMBER_OBJECT_CONVERSION = YES_AGGRESSIVE;
				CLANG_CXX_LANGUAGE_STANDARD = "gnu++20";
				CLANG_ENABLE_MODULES = YES;
				CLANG_ENABLE_OBJC_ARC = YES;
				CLANG_ENABLE_OBJC_WEAK = YES;
				CLANG_WARN_BLOCK_CAPTURE_AUTORELEASING = YES;
				CLANG_WARN_BOOL_CONVERSION = YES;
				CLANG_WARN_COMMA = YES;
				CLANG_WARN_CONSTANT_CONVERSION = YES;
				CLANG_WARN_DEPRECATED_OBJC_IMPLEMENTATIONS = YES;
				CLANG_WARN_DIRECT_OBJC_ISA_USAGE = YES_ERROR;
				CLANG_WARN_DOCUMENTATION_COMMENTS = YES;
				CLANG_WARN_EMPTY_BODY = YES;
				CLANG_WARN_ENUM_CONVERSION = YES;
				CLANG_WARN_INFINITE_RECURSION = YES;
				CLANG_WARN_INT_CONVERSION = YES;
				CLANG_WARN_NON_LITERAL_NULL_CONVERSION = YES;
				CLANG_WARN_OBJC_IMPLICIT_RETAIN_SELF = YES;
				CLANG_WARN_OBJC_LITERAL_CONVERSION = YES;
				CLANG_WARN_OBJC_ROOT_CLASS = YES_ERROR;
				CLANG_WARN_QUOTED_INCLUDE_IN_FRAMEWORK_HEADER = YES;
				CLANG_WARN_RANGE_LOOP_ANALYSIS = YES;
				CLANG_WARN_STRICT_PROTOTYPES = YES;
				CLANG_WARN_SUSPICIOUS_MOVE = YES;
				CLANG_WARN_UNGUARDED_AVAILABILITY = YES_AGGRESSIVE;
				CLANG_WARN_UNREACHABLE_CODE = YES;
				CLANG_WARN__DUPLICATE_METHOD_MATCH = YES;
				COPY_PHASE_STRIP = NO;
				DEBUG_INFORMATION_FORMAT = "dwarf-with-dsym";
				ENABLE_NS_ASSERTIONS = NO;
				ENABLE_STRICT_OBJC_MSGSEND = YES;
				GCC_C_LANGUAGE_STANDARD = gnu11;
				GCC_NO_COMMON_BLOCKS = YES;
				GCC_WARN_64_TO_32_BIT_CONVERSION = YES;
				GCC_WARN_ABOUT_RETURN_TYPE = YES_ERROR;
				GCC_WARN_UNDECLARED_SELECTOR = YES;
				GCC_WARN_UNINITIALIZED_AUTOS = YES_AGGRESSIVE;
				GCC_WARN_UNUSED_FUNCTION = YES;
				GCC_WARN_UNUSED_VARIABLE = YES;
				IPHONEOS_DEPLOYMENT_TARGET = 16.2;
				MTL_ENABLE_DEBUG_INFO = NO;
				MTL_FAST_MATH = YES;
				SDKROOT = iphoneos;
				SWIFT_COMPILATION_MODE = wholemodule;
				SWIFT_OPTIMIZATION_LEVEL = "-O";
				VALIDATE_PRODUCT = YES;
			};
			name = Release;
		};
		783DB63C297550E200AC92B2 /* Debug */ = {
			isa = XCBuildConfiguration;
			buildSettings = {
				ASSETCATALOG_COMPILER_APPICON_NAME = AppIcon;
				ASSETCATALOG_COMPILER_GLOBAL_ACCENT_COLOR_NAME = AccentColor;
				CODE_SIGN_STYLE = Automatic;
				CURRENT_PROJECT_VERSION = 1;
				DEVELOPMENT_ASSET_PATHS = "\"Source/Preview Content\"";
				DEVELOPMENT_TEAM = V5TFNMYA3P;
				ENABLE_PREVIEWS = YES;
				GENERATE_INFOPLIST_FILE = YES;
				INFOPLIST_KEY_CFBundleDisplayName = "iOS Common";
				INFOPLIST_KEY_UIApplicationSceneManifest_Generation = YES;
				INFOPLIST_KEY_UIApplicationSupportsIndirectInputEvents = YES;
				INFOPLIST_KEY_UILaunchScreen_Generation = YES;
				INFOPLIST_KEY_UISupportedInterfaceOrientations_iPad = "UIInterfaceOrientationPortrait UIInterfaceOrientationPortraitUpsideDown UIInterfaceOrientationLandscapeLeft UIInterfaceOrientationLandscapeRight";
				INFOPLIST_KEY_UISupportedInterfaceOrientations_iPhone = "UIInterfaceOrientationPortrait UIInterfaceOrientationLandscapeLeft UIInterfaceOrientationLandscapeRight";
				LD_RUNPATH_SEARCH_PATHS = (
					"$(inherited)",
					"@executable_path/Frameworks",
				);
				MARKETING_VERSION = 1.0;
				PRODUCT_BUNDLE_IDENTIFIER = "io.vinicius.ios-common";
				PRODUCT_NAME = "$(TARGET_NAME)";
				SWIFT_EMIT_LOC_STRINGS = YES;
				SWIFT_VERSION = 5.0;
				TARGETED_DEVICE_FAMILY = "1,2";
			};
			name = Debug;
		};
		783DB63D297550E200AC92B2 /* Release */ = {
			isa = XCBuildConfiguration;
			buildSettings = {
				ASSETCATALOG_COMPILER_APPICON_NAME = AppIcon;
				ASSETCATALOG_COMPILER_GLOBAL_ACCENT_COLOR_NAME = AccentColor;
				CODE_SIGN_STYLE = Automatic;
				CURRENT_PROJECT_VERSION = 1;
				DEVELOPMENT_ASSET_PATHS = "\"Source/Preview Content\"";
				DEVELOPMENT_TEAM = V5TFNMYA3P;
				ENABLE_PREVIEWS = YES;
				GENERATE_INFOPLIST_FILE = YES;
				INFOPLIST_KEY_CFBundleDisplayName = "iOS Common";
				INFOPLIST_KEY_UIApplicationSceneManifest_Generation = YES;
				INFOPLIST_KEY_UIApplicationSupportsIndirectInputEvents = YES;
				INFOPLIST_KEY_UILaunchScreen_Generation = YES;
				INFOPLIST_KEY_UISupportedInterfaceOrientations_iPad = "UIInterfaceOrientationPortrait UIInterfaceOrientationPortraitUpsideDown UIInterfaceOrientationLandscapeLeft UIInterfaceOrientationLandscapeRight";
				INFOPLIST_KEY_UISupportedInterfaceOrientations_iPhone = "UIInterfaceOrientationPortrait UIInterfaceOrientationLandscapeLeft UIInterfaceOrientationLandscapeRight";
				LD_RUNPATH_SEARCH_PATHS = (
					"$(inherited)",
					"@executable_path/Frameworks",
				);
				MARKETING_VERSION = 1.0;
				PRODUCT_BUNDLE_IDENTIFIER = "io.vinicius.ios-common";
				PRODUCT_NAME = "$(TARGET_NAME)";
				SWIFT_EMIT_LOC_STRINGS = YES;
				SWIFT_VERSION = 5.0;
				TARGETED_DEVICE_FAMILY = "1,2";
			};
			name = Release;
		};
/* End XCBuildConfiguration section */

/* Begin XCConfigurationList section */
		783DB628297550E200AC92B2 /* Build configuration list for PBXProject "ios-common" */ = {
			isa = XCConfigurationList;
			buildConfigurations = (
				783DB639297550E200AC92B2 /* Debug */,
				783DB63A297550E200AC92B2 /* Release */,
			);
			defaultConfigurationIsVisible = 0;
			defaultConfigurationName = Release;
		};
		783DB63B297550E200AC92B2 /* Build configuration list for PBXNativeTarget "iOS Common" */ = {
			isa = XCConfigurationList;
			buildConfigurations = (
				783DB63C297550E200AC92B2 /* Debug */,
				783DB63D297550E200AC92B2 /* Release */,
			);
			defaultConfigurationIsVisible = 0;
			defaultConfigurationName = Release;
		};
/* End XCConfigurationList section */

/* Begin XCRemoteSwiftPackageReference section */
		780B7A99297B1EC7008E493C /* XCRemoteSwiftPackageReference "Swinject" */ = {
			isa = XCRemoteSwiftPackageReference;
			repositoryURL = "https://github.com/Swinject/Swinject";
			requirement = {
				kind = exactVersion;
				version = 2.8.3;
			};
		};
		780B7AA0297D06FE008E493C /* XCRemoteSwiftPackageReference "SwinjectAutoregistration" */ = {
			isa = XCRemoteSwiftPackageReference;
			repositoryURL = "https://github.com/Swinject/SwinjectAutoregistration";
			requirement = {
				kind = exactVersion;
				version = 2.8.1;
			};
		};
		78D74F7629887C8A0017AA93 /* XCRemoteSwiftPackageReference "ios-sak" */ = {
			isa = XCRemoteSwiftPackageReference;
			repositoryURL = "https://github.com/vegidio/ios-sak";
			requirement = {
				branch = main;
				kind = branch;
			};
		};
/* End XCRemoteSwiftPackageReference section */

/* Begin XCSwiftPackageProductDependency section */
		780B7A9A297B1EC7008E493C /* Swinject */ = {
			isa = XCSwiftPackageProductDependency;
			package = 780B7A99297B1EC7008E493C /* XCRemoteSwiftPackageReference "Swinject" */;
			productName = Swinject;
		};
		780B7AA1297D06FE008E493C /* SwinjectAutoregistration */ = {
			isa = XCSwiftPackageProductDependency;
			package = 780B7AA0297D06FE008E493C /* XCRemoteSwiftPackageReference "SwinjectAutoregistration" */;
			productName = SwinjectAutoregistration;
		};
		78D74F7729887C8A0017AA93 /* Network */ = {
			isa = XCSwiftPackageProductDependency;
			package = 78D74F7629887C8A0017AA93 /* XCRemoteSwiftPackageReference "ios-sak" */;
			productName = Network;
		};
		78D74F7929887C8A0017AA93 /* Util */ = {
			isa = XCSwiftPackageProductDependency;
			package = 78D74F7629887C8A0017AA93 /* XCRemoteSwiftPackageReference "ios-sak" */;
			productName = Util;
		};
		78D74F7B29887C8A0017AA93 /* View */ = {
			isa = XCSwiftPackageProductDependency;
			package = 78D74F7629887C8A0017AA93 /* XCRemoteSwiftPackageReference "ios-sak" */;
			productName = View;
		};
/* End XCSwiftPackageProductDependency section */
	};
	rootObject = 783DB625297550E200AC92B2 /* Project object */;
}
